
Microsoft Visual Studio Solution File, Format Version 12.00
# Visual Studio Version 16
VisualStudioVersion = 16.0.29215.179
MinimumVisualStudioVersion = 10.0.40219.1
Project("{FAE04EC0-301F-11D3-BF4B-00C04F79EFBC}") = "ClientApplication", "FietsDemo\ClientApplication.csproj", "{DEC0782D-D22F-4F80-A2EF-77C887BF1D19}"
EndProject
Project("{9A19103F-16F7-4668-BE54-9A1E7A4F7556}") = "simulatie", "simulatie\simulatie.csproj", "{91436C90-6693-4D41-B5E9-91C199B0F9C1}"
EndProject
Project("{9A19103F-16F7-4668-BE54-9A1E7A4F7556}") = "Server", "Server\Server.csproj", "{A9D7F8F6-4386-425E-844B-4F4CBCB4FF7B}"
EndProject
Project("{9A19103F-16F7-4668-BE54-9A1E7A4F7556}") = "DoctorApplication", "DoctorServer\DoctorApplication.csproj", "{5099DA36-FA39-4A74-B49C-0EF3BBB1BDD5}"
EndProject
Global
	GlobalSection(SolutionConfigurationPlatforms) = preSolution
		Debug|Any CPU = Debug|Any CPU
		Release|Any CPU = Release|Any CPU
	EndGlobalSection
	GlobalSection(ProjectConfigurationPlatforms) = postSolution
		{DEC0782D-D22F-4F80-A2EF-77C887BF1D19}.Debug|Any CPU.ActiveCfg = Debug|Any CPU
		{DEC0782D-D22F-4F80-A2EF-77C887BF1D19}.Debug|Any CPU.Build.0 = Debug|Any CPU
		{DEC0782D-D22F-4F80-A2EF-77C887BF1D19}.Release|Any CPU.ActiveCfg = Release|Any CPU
		{DEC0782D-D22F-4F80-A2EF-77C887BF1D19}.Release|Any CPU.Build.0 = Release|Any CPU
		{91436C90-6693-4D41-B5E9-91C199B0F9C1}.Debug|Any CPU.ActiveCfg = Debug|Any CPU
		{91436C90-6693-4D41-B5E9-91C199B0F9C1}.Debug|Any CPU.Build.0 = Debug|Any CPU
		{91436C90-6693-4D41-B5E9-91C199B0F9C1}.Release|Any CPU.ActiveCfg = Release|Any CPU
		{91436C90-6693-4D41-B5E9-91C199B0F9C1}.Release|Any CPU.Build.0 = Release|Any CPU
		{A9D7F8F6-4386-425E-844B-4F4CBCB4FF7B}.Debug|Any CPU.ActiveCfg = Debug|Any CPU
		{A9D7F8F6-4386-425E-844B-4F4CBCB4FF7B}.Debug|Any CPU.Build.0 = Debug|Any CPU
		{A9D7F8F6-4386-425E-844B-4F4CBCB4FF7B}.Release|Any CPU.ActiveCfg = Release|Any CPU
		{A9D7F8F6-4386-425E-844B-4F4CBCB4FF7B}.Release|Any CPU.Build.0 = Release|Any CPU
		{5099DA36-FA39-4A74-B49C-0EF3BBB1BDD5}.Debug|Any CPU.ActiveCfg = Debug|Any CPU
		{5099DA36-FA39-4A74-B49C-0EF3BBB1BDD5}.Debug|Any CPU.Build.0 = Debug|Any CPU
		{5099DA36-FA39-4A74-B49C-0EF3BBB1BDD5}.Release|Any CPU.ActiveCfg = Release|Any CPU
		{5099DA36-FA39-4A74-B49C-0EF3BBB1BDD5}.Release|Any CPU.Build.0 = Release|Any CPU
	EndGlobalSection
	GlobalSection(SolutionProperties) = preSolution
		HideSolutionNode = FALSE
	EndGlobalSection
	GlobalSection(ExtensibilityGlobals) = postSolution
		SolutionGuid = {BB59A49F-20F9-457A-9146-94E99F30AB08}
	EndGlobalSection
EndGlobal
